
Microsoft Visual Studio Solution File, Format Version 12.00
# Visual Studio 2012
Project("{FAE04EC0-301F-11D3-BF4B-00C04F79EFBC}") = "DiscordBot", "DiscordBot\DiscordBot.csproj", "{1974307C-1146-4521-AF0E-989318F5FC5B}"
EndProject
Project("{FAE04EC0-301F-11D3-BF4B-00C04F79EFBC}") = "AESharp", "ae-sharp\AESharp\AESharp.csproj", "{107821FC-4FCF-4DAE-81CD-78C1E3656033}"
EndProject
Global
	GlobalSection(SolutionConfigurationPlatforms) = preSolution
		Debug|x86 = Debug|x86
		Release|x86 = Release|x86
	EndGlobalSection
	GlobalSection(ProjectConfigurationPlatforms) = postSolution
		{107821FC-4FCF-4DAE-81CD-78C1E3656033}.Debug|x86.ActiveCfg = Debug|Any CPU
		{107821FC-4FCF-4DAE-81CD-78C1E3656033}.Debug|x86.Build.0 = Debug|Any CPU
		{107821FC-4FCF-4DAE-81CD-78C1E3656033}.Release|x86.ActiveCfg = Release|Any CPU
		{107821FC-4FCF-4DAE-81CD-78C1E3656033}.Release|x86.Build.0 = Release|Any CPU
		{1974307C-1146-4521-AF0E-989318F5FC5B}.Debug|x86.ActiveCfg = Debug|x86
		{1974307C-1146-4521-AF0E-989318F5FC5B}.Debug|x86.Build.0 = Debug|x86
		{1974307C-1146-4521-AF0E-989318F5FC5B}.Release|x86.ActiveCfg = Release|x86
		{1974307C-1146-4521-AF0E-989318F5FC5B}.Release|x86.Build.0 = Release|x86
	EndGlobalSection
EndGlobal
